
Microsoft Visual Studio Solution File, Format Version 12.00
# Visual Studio 15
VisualStudioVersion = 15.0.28307.645
MinimumVisualStudioVersion = 10.0.40219.1
Project("{FAE04EC0-301F-11D3-BF4B-00C04F79EFBC}") = "App.Web", "App.Web\App.Web.csproj", "{F8444F50-3190-4D3B-87BD-4FCAFACDEE98}"
EndProject
Project("{FAE04EC0-301F-11D3-BF4B-00C04F79EFBC}") = "App.Data", "App.Data\App.Data.csproj", "{90494127-296D-4F8C-898F-B752F615CEC0}"
EndProject
Global
	GlobalSection(SolutionConfigurationPlatforms) = preSolution
		Debug|Any CPU = Debug|Any CPU
		Release|Any CPU = Release|Any CPU
	EndGlobalSection
	GlobalSection(ProjectConfigurationPlatforms) = postSolution
		{F8444F50-3190-4D3B-87BD-4FCAFACDEE98}.Debug|Any CPU.ActiveCfg = Debug|Any CPU
		{F8444F50-3190-4D3B-87BD-4FCAFACDEE98}.Debug|Any CPU.Build.0 = Debug|Any CPU
		{F8444F50-3190-4D3B-87BD-4FCAFACDEE98}.Release|Any CPU.ActiveCfg = Release|Any CPU
		{F8444F50-3190-4D3B-87BD-4FCAFACDEE98}.Release|Any CPU.Build.0 = Release|Any CPU
		{90494127-296D-4F8C-898F-B752F615CEC0}.Debug|Any CPU.ActiveCfg = Debug|Any CPU
		{90494127-296D-4F8C-898F-B752F615CEC0}.Debug|Any CPU.Build.0 = Debug|Any CPU
		{90494127-296D-4F8C-898F-B752F615CEC0}.Release|Any CPU.ActiveCfg = Release|Any CPU
		{90494127-296D-4F8C-898F-B752F615CEC0}.Release|Any CPU.Build.0 = Release|Any CPU
	EndGlobalSection
	GlobalSection(SolutionProperties) = preSolution
		HideSolutionNode = FALSE
	EndGlobalSection
	GlobalSection(ExtensibilityGlobals) = postSolution
		SolutionGuid = {AE20A4E1-2535-4020-81C4-0FCD889DD514}
	EndGlobalSection
EndGlobal
